{
  "name": "toolbox",
  "version": "1.0.0",
  "lockfileVersion": 3,
  "requires": true,
  "packages": {
    "": {
      "name": "toolbox",
      "version": "1.0.0",
      "license": "ISC",
      "dependencies": {
        "enquirer": "^2.4.1",
        "exiftool-vendored": "^30.5.0"
      }
    },
    "node_modules/@photostructure/tz-lookup": {
      "version": "11.2.1",
      "resolved": "https://registry.npmjs.org/@photostructure/tz-lookup/-/tz-lookup-11.2.1.tgz",
      "integrity": "sha512-ugPtvpdLwGQ8IWezSGFgUCYOpO/XXetfKLNv+UN2jjTYyfIDq9dA21GydGyzXuoQ06nN3VGBd3JxmEu+ZtXScg==",
      "license": "CC0-1.0"
    },
    "node_modules/@types/luxon": {
      "version": "3.7.1",
      "resolved": "https://registry.npmjs.org/@types/luxon/-/luxon-3.7.1.tgz",
      "integrity": "sha512-H3iskjFIAn5SlJU7OuxUmTEpebK6TKB8rxZShDslBMZJ5u9S//KM1sbdAisiSrqwLQncVjnpi2OK2J51h+4lsg==",
      "license": "MIT"
    },
    "node_modules/ansi-colors": {
      "version": "4.1.3",
      "resolved": "https://registry.npmjs.org/ansi-colors/-/ansi-colors-4.1.3.tgz",
      "integrity": "sha512-/6w/C21Pm1A7aZitlI5Ni/2J6FFQN8i1Cvz3kHABAAbw93v/NlvKdVOqz7CCWz/3iv/JplRSEEZ83XION15ovw==",
      "license": "MIT",
      "engines": {
        "node": ">=6"
      }
    },
    "node_modules/ansi-regex": {
      "version": "5.0.1",
      "resolved": "https://registry.npmjs.org/ansi-regex/-/ansi-regex-5.0.1.tgz",
      "integrity": "sha512-quJQXlTSUGL2LH9SUXo8VwsY4soanhgo6LNSm84E1LBcE8s3O0wpdiRzyR9z/ZZJMlMWv37qOOb9pdJlMUEKFQ==",
      "license": "MIT",
      "engines": {
        "node": ">=8"
      }
    },
    "node_modules/batch-cluster": {
      "version": "15.0.1",
      "resolved": "https://registry.npmjs.org/batch-cluster/-/batch-cluster-15.0.1.tgz",
      "integrity": "sha512-eUmh0ld1AUPKTEmdzwGF9QTSexXAyt9rA1F5zDfW1wUi3okA3Tal4NLdCeFI6aiKpBenQhR6NmK9bW9tBHTGPQ==",
      "license": "MIT",
      "engines": {
        "node": ">=20"
      }
    },
    "node_modules/enquirer": {
      "version": "2.4.1",
      "resolved": "https://registry.npmjs.org/enquirer/-/enquirer-2.4.1.tgz",
      "integrity": "sha512-rRqJg/6gd538VHvR3PSrdRBb/1Vy2YfzHqzvbhGIQpDRKIa4FgV/54b5Q1xYSxOOwKvjXweS26E0Q+nAMwp2pQ==",
      "license": "MIT",
      "dependencies": {
        "ansi-colors": "^4.1.1",
        "strip-ansi": "^6.0.1"
      },
      "engines": {
        "node": ">=8.6"
      }
    },
    "node_modules/exiftool-vendored": {
      "version": "30.5.0",
      "resolved": "https://registry.npmjs.org/exiftool-vendored/-/exiftool-vendored-30.5.0.tgz",
      "integrity": "sha512-m3fSrpFxmrT1VYl+/4mTyaYrgpe+key1QLmsWezDDkfJI3dF8ZrXn4gUuOctDBNKEKw6x4hGoQpIoWEsO6rxvQ==",
      "license": "MIT",
      "dependencies": {
        "@photostructure/tz-lookup": "^11.2.1",
        "@types/luxon": "^3.7.1",
        "batch-cluster": "^15.0.1",
        "he": "^1.2.0",
        "luxon": "^3.7.2"
      },
      "engines": {
        "node": ">=20.0.0"
      },
      "optionalDependencies": {
        "exiftool-vendored.exe": "13.35.1",
        "exiftool-vendored.pl": "13.35.0"
      }
    },
    "node_modules/exiftool-vendored.exe": {
      "version": "13.35.1",
      "resolved": "https://registry.npmjs.org/exiftool-vendored.exe/-/exiftool-vendored.exe-13.35.1.tgz",
      "integrity": "sha512-RlgXYbsFYJKw9ICYx31cnpJRr94CEhp6VaJVFHJz4WQaHnJNZ5WvQZ7sZBF8B4P+dx0nQrmCwiAm9GGUQBzluw==",
      "license": "MIT",
      "optional": true,
      "os": [
        "win32"
      ]
    },
    "node_modules/exiftool-vendored.pl": {
      "version": "13.35.0",
      "resolved": "https://registry.npmjs.org/exiftool-vendored.pl/-/exiftool-vendored.pl-13.35.0.tgz",
      "integrity": "sha512-8sooj1fkS2Zvb2uflcp/l21la3xKJbPz7MONlWyjBAp0wZA1xtbz8S9+DLvMNRV5udPi5e6mOrIsi5gRhTN8jQ==",
      "license": "MIT",
      "optional": true,
      "os": [
        "!win32"
      ],
      "bin": {
        "exiftool": "bin/exiftool"
      }
    },
    "node_modules/he": {
      "version": "1.2.0",
      "resolved": "https://registry.npmjs.org/he/-/he-1.2.0.tgz",
      "integrity": "sha512-F/1DnUGPopORZi0ni+CvrCgHQ5FyEAHRLSApuYWMmrbSwoN2Mn/7k+Gl38gJnR7yyDZk6WLXwiGod1JOWNDKGw==",
      "license": "MIT",
      "bin": {
        "he": "bin/he"
      }
    },
    "node_modules/luxon": {
      "version": "3.7.2",
      "resolved": "https://registry.npmjs.org/luxon/-/luxon-3.7.2.tgz",
      "integrity": "sha512-vtEhXh/gNjI9Yg1u4jX/0YVPMvxzHuGgCm6tC5kZyb08yjGWGnqAjGJvcXbqQR2P3MyMEFnRbpcdFS6PBcLqew==",
      "license": "MIT",
      "engines": {
        "node": ">=12"
      }
    },
    "node_modules/strip-ansi": {
      "version": "6.0.1",
      "resolved": "https://registry.npmjs.org/strip-ansi/-/strip-ansi-6.0.1.tgz",
      "integrity": "sha512-Y38VPSHcqkFrCpFnQ9vuSXmquuv5oXOKpGeT6aGrr3o3Gc9AlVa6JBfUSOCnbxGGZF+/0ooI7KrPuUSztUdU5A==",
      "license": "MIT",
      "dependencies": {
        "ansi-regex": "^5.0.1"
      },
      "engines": {
        "node": ">=8"
      }
    }
  }
}
